
Microsoft Visual Studio Solution File, Format Version 12.00
# Visual Studio Version 16
VisualStudioVersion = 16.0.28729.10
MinimumVisualStudioVersion = 10.0.40219.1
Project("{2150E333-8FDC-42A3-9474-1A3956D46DE8}") = "0 - Infra", "0 - Infra", "{0F9205E4-6838-4A30-8D32-317FDFC7FFF2}"
EndProject
Project("{2150E333-8FDC-42A3-9474-1A3956D46DE8}") = "1 - Domain", "1 - Domain", "{EBE2C00F-1ED0-47FC-8B68-F58AE758E209}"
EndProject
Project("{2150E333-8FDC-42A3-9474-1A3956D46DE8}") = "2 - Application", "2 - Application", "{F03CAD35-61AF-430A-945A-05C54F56474A}"
EndProject
Project("{2150E333-8FDC-42A3-9474-1A3956D46DE8}") = "3 - WebApi", "3 - WebApi", "{1904EFC8-917F-4C67-B622-F33F6E07753E}"
EndProject
Project("{9A19103F-16F7-4668-BE54-9A1E7A4F7556}") = "Pizzaria.Infra.CrossCutting", "Pizzaria.Infra.CrossCutting\Pizzaria.Infra.CrossCutting.csproj", "{5C6B02F0-7A23-41BD-AEC5-CF45F3CD6644}"
EndProject
Project("{9A19103F-16F7-4668-BE54-9A1E7A4F7556}") = "Pizzaria.Infra.Data", "Pizzaria.Infra.Data\Pizzaria.Infra.Data.csproj", "{9570AC6F-9BAD-4F0D-84F1-76E1E5AE3360}"
EndProject
Project("{9A19103F-16F7-4668-BE54-9A1E7A4F7556}") = "Pizzaria.Domain", "Pizzaria.Domain\Pizzaria.Domain.csproj", "{4120A81D-FA45-4505-AF3B-40ABEEAA6589}"
EndProject
Project("{9A19103F-16F7-4668-BE54-9A1E7A4F7556}") = "Pizzaria.Application", "Pizzaria.Application\Pizzaria.Application.csproj", "{886A0EE2-D5D9-4549-B8E3-64F67AFF98B5}"
EndProject
Project("{9A19103F-16F7-4668-BE54-9A1E7A4F7556}") = "Pizzaria.WebApi", "Pizzaria.WebApi\Pizzaria.WebApi.csproj", "{A24FEA6F-2249-4DE0-87F1-C3DAEF4C0AB1}"
EndProject
Global
	GlobalSection(SolutionConfigurationPlatforms) = preSolution
		Debug|Any CPU = Debug|Any CPU
		Release|Any CPU = Release|Any CPU
	EndGlobalSection
	GlobalSection(ProjectConfigurationPlatforms) = postSolution
		{5C6B02F0-7A23-41BD-AEC5-CF45F3CD6644}.Debug|Any CPU.ActiveCfg = Debug|Any CPU
		{5C6B02F0-7A23-41BD-AEC5-CF45F3CD6644}.Debug|Any CPU.Build.0 = Debug|Any CPU
		{5C6B02F0-7A23-41BD-AEC5-CF45F3CD6644}.Release|Any CPU.ActiveCfg = Release|Any CPU
		{5C6B02F0-7A23-41BD-AEC5-CF45F3CD6644}.Release|Any CPU.Build.0 = Release|Any CPU
		{9570AC6F-9BAD-4F0D-84F1-76E1E5AE3360}.Debug|Any CPU.ActiveCfg = Debug|Any CPU
		{9570AC6F-9BAD-4F0D-84F1-76E1E5AE3360}.Debug|Any CPU.Build.0 = Debug|Any CPU
		{9570AC6F-9BAD-4F0D-84F1-76E1E5AE3360}.Release|Any CPU.ActiveCfg = Release|Any CPU
		{9570AC6F-9BAD-4F0D-84F1-76E1E5AE3360}.Release|Any CPU.Build.0 = Release|Any CPU
		{4120A81D-FA45-4505-AF3B-40ABEEAA6589}.Debug|Any CPU.ActiveCfg = Debug|Any CPU
		{4120A81D-FA45-4505-AF3B-40ABEEAA6589}.Debug|Any CPU.Build.0 = Debug|Any CPU
		{4120A81D-FA45-4505-AF3B-40ABEEAA6589}.Release|Any CPU.ActiveCfg = Release|Any CPU
		{4120A81D-FA45-4505-AF3B-40ABEEAA6589}.Release|Any CPU.Build.0 = Release|Any CPU
		{886A0EE2-D5D9-4549-B8E3-64F67AFF98B5}.Debug|Any CPU.ActiveCfg = Debug|Any CPU
		{886A0EE2-D5D9-4549-B8E3-64F67AFF98B5}.Debug|Any CPU.Build.0 = Debug|Any CPU
		{886A0EE2-D5D9-4549-B8E3-64F67AFF98B5}.Release|Any CPU.ActiveCfg = Release|Any CPU
		{886A0EE2-D5D9-4549-B8E3-64F67AFF98B5}.Release|Any CPU.Build.0 = Release|Any CPU
		{A24FEA6F-2249-4DE0-87F1-C3DAEF4C0AB1}.Debug|Any CPU.ActiveCfg = Debug|Any CPU
		{A24FEA6F-2249-4DE0-87F1-C3DAEF4C0AB1}.Debug|Any CPU.Build.0 = Debug|Any CPU
		{A24FEA6F-2249-4DE0-87F1-C3DAEF4C0AB1}.Release|Any CPU.ActiveCfg = Release|Any CPU
		{A24FEA6F-2249-4DE0-87F1-C3DAEF4C0AB1}.Release|Any CPU.Build.0 = Release|Any CPU
	EndGlobalSection
	GlobalSection(SolutionProperties) = preSolution
		HideSolutionNode = FALSE
	EndGlobalSection
	GlobalSection(NestedProjects) = preSolution
		{5C6B02F0-7A23-41BD-AEC5-CF45F3CD6644} = {0F9205E4-6838-4A30-8D32-317FDFC7FFF2}
		{9570AC6F-9BAD-4F0D-84F1-76E1E5AE3360} = {0F9205E4-6838-4A30-8D32-317FDFC7FFF2}
		{4120A81D-FA45-4505-AF3B-40ABEEAA6589} = {EBE2C00F-1ED0-47FC-8B68-F58AE758E209}
		{886A0EE2-D5D9-4549-B8E3-64F67AFF98B5} = {F03CAD35-61AF-430A-945A-05C54F56474A}
		{A24FEA6F-2249-4DE0-87F1-C3DAEF4C0AB1} = {1904EFC8-917F-4C67-B622-F33F6E07753E}
	EndGlobalSection
	GlobalSection(ExtensibilityGlobals) = postSolution
		SolutionGuid = {B149BD40-04E1-4A25-A2AE-AD58CAE01465}
	EndGlobalSection
EndGlobal
